Microsoft Visual Studio Solution File, Format Version 12.00
# Visual Studio Version 17
VisualStudioVersion = 17.5.2.0
MinimumVisualStudioVersion = 10.0.40219.1
Project("{FAE04EC0-301F-11D3-BF4B-00C04F79EFBC}") = "LocalWebhookEndpoint", "LocalWebhookEndpoint.csproj", "{7A98629A-BBED-A776-52B9-C4FC88825470}"
EndProject
Global
	GlobalSection(SolutionConfigurationPlatforms) = preSolution
		Debug|Any CPU = Debug|Any CPU
		Release|Any CPU = Release|Any CPU
	EndGlobalSection
	GlobalSection(ProjectConfigurationPlatforms) = postSolution
		{7A98629A-BBED-A776-52B9-C4FC88825470}.Debug|Any CPU.ActiveCfg = Debug|Any CPU
		{7A98629A-BBED-A776-52B9-C4FC88825470}.Debug|Any CPU.Build.0 = Debug|Any CPU
		{7A98629A-BBED-A776-52B9-C4FC88825470}.Release|Any CPU.ActiveCfg = Release|Any CPU
		{7A98629A-BBED-A776-52B9-C4FC88825470}.Release|Any CPU.Build.0 = Release|Any CPU
	EndGlobalSection
	GlobalSection(SolutionProperties) = preSolution
		HideSolutionNode = FALSE
	EndGlobalSection
	GlobalSection(ExtensibilityGlobals) = postSolution
		SolutionGuid = {CFA168F7-73FF-49F6-8FE2-1C8B0FFD2BF0}
	EndGlobalSection
EndGlobal
